
Microsoft Visual Studio Solution File, Format Version 12.00
Project("{FAE04EC0-301F-11D3-BF4B-00C04F79EFBC}") = "Cognito.Test.API", "Cognito.Test.API\Cognito.Test.API.csproj", "{930B7C52-3174-4B83-90EB-0620E45C0D3F}"
EndProject
Project("{FAE04EC0-301F-11D3-BF4B-00C04F79EFBC}") = "Cognito.Test.API.Core", "Cognito.Test.API.Core\Cognito.Test.API.Core.csproj", "{965B5FD9-CCAB-4BE3-9030-A69B8963BFFA}"
EndProject
Project("{FAE04EC0-301F-11D3-BF4B-00C04F79EFBC}") = "Cognito.Test.API.Service", "Cognito.Test.API.Service\Cognito.Test.API.Service.csproj", "{F2FD0775-4C97-4FD7-8521-DC17678B493E}"
EndProject
Global
	GlobalSection(SolutionConfigurationPlatforms) = preSolution
		Debug|Any CPU = Debug|Any CPU
		Release|Any CPU = Release|Any CPU
	EndGlobalSection
	GlobalSection(ProjectConfigurationPlatforms) = postSolution
		{930B7C52-3174-4B83-90EB-0620E45C0D3F}.Debug|Any CPU.ActiveCfg = Debug|Any CPU
		{930B7C52-3174-4B83-90EB-0620E45C0D3F}.Debug|Any CPU.Build.0 = Debug|Any CPU
		{930B7C52-3174-4B83-90EB-0620E45C0D3F}.Release|Any CPU.ActiveCfg = Release|Any CPU
		{930B7C52-3174-4B83-90EB-0620E45C0D3F}.Release|Any CPU.Build.0 = Release|Any CPU
		{965B5FD9-CCAB-4BE3-9030-A69B8963BFFA}.Debug|Any CPU.ActiveCfg = Debug|Any CPU
		{965B5FD9-CCAB-4BE3-9030-A69B8963BFFA}.Debug|Any CPU.Build.0 = Debug|Any CPU
		{965B5FD9-CCAB-4BE3-9030-A69B8963BFFA}.Release|Any CPU.ActiveCfg = Release|Any CPU
		{965B5FD9-CCAB-4BE3-9030-A69B8963BFFA}.Release|Any CPU.Build.0 = Release|Any CPU
		{F2FD0775-4C97-4FD7-8521-DC17678B493E}.Debug|Any CPU.ActiveCfg = Debug|Any CPU
		{F2FD0775-4C97-4FD7-8521-DC17678B493E}.Debug|Any CPU.Build.0 = Debug|Any CPU
		{F2FD0775-4C97-4FD7-8521-DC17678B493E}.Release|Any CPU.ActiveCfg = Release|Any CPU
		{F2FD0775-4C97-4FD7-8521-DC17678B493E}.Release|Any CPU.Build.0 = Release|Any CPU
	EndGlobalSection
EndGlobal
